
Microsoft Visual Studio Solution File, Format Version 12.00
# Visual Studio Version 16
VisualStudioVersion = 16.0.30225.117
MinimumVisualStudioVersion = 10.0.40219.1
Project("{FAE04EC0-301F-11D3-BF4B-00C04F79EFBC}") = "GalaticBusinessLibrary", "GalaticBusinessLibrary.csproj", "{6659D728-1CFB-4988-8571-42E9F08979D2}"
EndProject
Project("{FAE04EC0-301F-11D3-BF4B-00C04F79EFBC}") = "TestGalacticBusiness", "..\TestGalacticBusiness\TestGalacticBusiness.csproj", "{00C3E9D0-D0CB-48A7-BEC1-B782EFF52C87}"
EndProject
Global
	GlobalSection(SolutionConfigurationPlatforms) = preSolution
		Debug|Any CPU = Debug|Any CPU
		Release|Any CPU = Release|Any CPU
	EndGlobalSection
	GlobalSection(ProjectConfigurationPlatforms) = postSolution
		{6659D728-1CFB-4988-8571-42E9F08979D2}.Debug|Any CPU.ActiveCfg = Debug|Any CPU
		{6659D728-1CFB-4988-8571-42E9F08979D2}.Debug|Any CPU.Build.0 = Debug|Any CPU
		{6659D728-1CFB-4988-8571-42E9F08979D2}.Release|Any CPU.ActiveCfg = Release|Any CPU
		{6659D728-1CFB-4988-8571-42E9F08979D2}.Release|Any CPU.Build.0 = Release|Any CPU
		{00C3E9D0-D0CB-48A7-BEC1-B782EFF52C87}.Debug|Any CPU.ActiveCfg = Debug|Any CPU
		{00C3E9D0-D0CB-48A7-BEC1-B782EFF52C87}.Debug|Any CPU.Build.0 = Debug|Any CPU
		{00C3E9D0-D0CB-48A7-BEC1-B782EFF52C87}.Release|Any CPU.ActiveCfg = Release|Any CPU
		{00C3E9D0-D0CB-48A7-BEC1-B782EFF52C87}.Release|Any CPU.Build.0 = Release|Any CPU
	EndGlobalSection
	GlobalSection(SolutionProperties) = preSolution
		HideSolutionNode = FALSE
	EndGlobalSection
	GlobalSection(ExtensibilityGlobals) = postSolution
		SolutionGuid = {CAA5D69D-22BC-44DB-B2CB-0F3937E7E88C}
	EndGlobalSection
EndGlobal
